
Microsoft Visual Studio Solution File, Format Version 12.00
# Visual Studio 2013
VisualStudioVersion = 12.0.21005.1
MinimumVisualStudioVersion = 10.0.40219.1
Project("{FAE04EC0-301F-11D3-BF4B-00C04F79EFBC}") = "RetroTip.Web", "RetroTip.Web\RetroTip.Web.csproj", "{CBC973C3-5E0B-4D98-8647-5A0E140398E6}"
EndProject
Global
	GlobalSection(SolutionConfigurationPlatforms) = preSolution
		Debug|Any CPU = Debug|Any CPU
		Release|Any CPU = Release|Any CPU
	EndGlobalSection
	GlobalSection(ProjectConfigurationPlatforms) = postSolution
		{CBC973C3-5E0B-4D98-8647-5A0E140398E6}.Debug|Any CPU.ActiveCfg = Debug|Any CPU
		{CBC973C3-5E0B-4D98-8647-5A0E140398E6}.Debug|Any CPU.Build.0 = Debug|Any CPU
		{CBC973C3-5E0B-4D98-8647-5A0E140398E6}.Release|Any CPU.ActiveCfg = Release|Any CPU
		{CBC973C3-5E0B-4D98-8647-5A0E140398E6}.Release|Any CPU.Build.0 = Release|Any CPU
	EndGlobalSection
	GlobalSection(SolutionProperties) = preSolution
		HideSolutionNode = FALSE
	EndGlobalSection
EndGlobal
